
Microsoft Visual Studio Solution File, Format Version 12.00
# Visual Studio Version 16
VisualStudioVersion = 16.0.29418.71
MinimumVisualStudioVersion = 10.0.40219.1
Project("{FAE04EC0-301F-11D3-BF4B-00C04F79EFBC}") = "Bank Project", "Bank Project.csproj", "{ACFC0C63-8AFD-4708-9B45-1EABFF39C890}"
EndProject
Project("{FAE04EC0-301F-11D3-BF4B-00C04F79EFBC}") = "BankTests", "..\BankTests\BankTests.csproj", "{72B83E05-8783-4E58-8849-FA40831CFA5F}"
EndProject
Global
	GlobalSection(SolutionConfigurationPlatforms) = preSolution
		Debug|Any CPU = Debug|Any CPU
		Release|Any CPU = Release|Any CPU
	EndGlobalSection
	GlobalSection(ProjectConfigurationPlatforms) = postSolution
		{ACFC0C63-8AFD-4708-9B45-1EABFF39C890}.Debug|Any CPU.ActiveCfg = Debug|Any CPU
		{ACFC0C63-8AFD-4708-9B45-1EABFF39C890}.Debug|Any CPU.Build.0 = Debug|Any CPU
		{ACFC0C63-8AFD-4708-9B45-1EABFF39C890}.Release|Any CPU.ActiveCfg = Release|Any CPU
		{ACFC0C63-8AFD-4708-9B45-1EABFF39C890}.Release|Any CPU.Build.0 = Release|Any CPU
		{72B83E05-8783-4E58-8849-FA40831CFA5F}.Debug|Any CPU.ActiveCfg = Debug|Any CPU
		{72B83E05-8783-4E58-8849-FA40831CFA5F}.Debug|Any CPU.Build.0 = Debug|Any CPU
		{72B83E05-8783-4E58-8849-FA40831CFA5F}.Release|Any CPU.ActiveCfg = Release|Any CPU
		{72B83E05-8783-4E58-8849-FA40831CFA5F}.Release|Any CPU.Build.0 = Release|Any CPU
	EndGlobalSection
	GlobalSection(SolutionProperties) = preSolution
		HideSolutionNode = FALSE
	EndGlobalSection
	GlobalSection(ExtensibilityGlobals) = postSolution
		SolutionGuid = {84C84068-0826-4AE0-945E-A87951DFA337}
	EndGlobalSection
EndGlobal
